// !$*UTF8*$!
{
	archiveVersion = 1;
	classes = {
	};
	objectVersion = 54;
	objects = {

/* Begin PBXBuildFile section */
		058557BB273AAA24004C7B11 /* Assets.xcassets in Resources */ = {isa = PBXBuildFile; fileRef = 058557BA273AAA24004C7B11 /* Assets.xcassets */; };
		058557D9273AAEEB004C7B11 /* Preview Assets.xcassets in Resources */ = {isa = PBXBuildFile; fileRef = 058557D8273AAEEB004C7B11 /* Preview Assets.xcassets */; };
		0C4A64722A93BFC80040F0B9 /* BottomNavigationView.swift in Sources */ = {isa = PBXBuildFile; fileRef = 0C4A64712A93BFC80040F0B9 /* BottomNavigationView.swift */; };
		0C4A64742A93C5A10040F0B9 /* TabRouter.swift in Sources */ = {isa = PBXBuildFile; fileRef = 0C4A64732A93C5A10040F0B9 /* TabRouter.swift */; };
		0C4A64772A93C88F0040F0B9 /* TabItem.swift in Sources */ = {isa = PBXBuildFile; fileRef = 0C4A64762A93C88F0040F0B9 /* TabItem.swift */; };
		0C698C562A91F87B005F70C0 /* DIContainer.swift in Sources */ = {isa = PBXBuildFile; fileRef = 0C698C552A91F87B005F70C0 /* DIContainer.swift */; };
		0C698C582A91F895005F70C0 /* DIContainerKey.swift in Sources */ = {isa = PBXBuildFile; fileRef = 0C698C572A91F895005F70C0 /* DIContainerKey.swift */; };
		0C698C5A2A91F90C005F70C0 /* DIRegister.swift in Sources */ = {isa = PBXBuildFile; fileRef = 0C698C592A91F90C005F70C0 /* DIRegister.swift */; };
		0C698C5C2A91F934005F70C0 /* EnvironmentValues.swift in Sources */ = {isa = PBXBuildFile; fileRef = 0C698C5B2A91F934005F70C0 /* EnvironmentValues.swift */; };
		0C698C5F2A91FF86005F70C0 /* RoutingView.swift in Sources */ = {isa = PBXBuildFile; fileRef = 0C698C5E2A91FF86005F70C0 /* RoutingView.swift */; };
		0C698C612A91FFA3005F70C0 /* AppRouter.swift in Sources */ = {isa = PBXBuildFile; fileRef = 0C698C602A91FFA3005F70C0 /* AppRouter.swift */; };
		0C698C632A91FFC6005F70C0 /* Route.swift in Sources */ = {isa = PBXBuildFile; fileRef = 0C698C622A91FFC6005F70C0 /* Route.swift */; };
		0C698C652A91FFDD005F70C0 /* NavigationControllerHost.swift in Sources */ = {isa = PBXBuildFile; fileRef = 0C698C642A91FFDD005F70C0 /* NavigationControllerHost.swift */; };
		0C698C672A91FFF7005F70C0 /* NavTitleModifier.swift in Sources */ = {isa = PBXBuildFile; fileRef = 0C698C662A91FFF7005F70C0 /* NavTitleModifier.swift */; };
		0C698C692A92000E005F70C0 /* EnvironmentValues+Router.swift in Sources */ = {isa = PBXBuildFile; fileRef = 0C698C682A92000E005F70C0 /* EnvironmentValues+Router.swift */; };
		0C698C6C2A920037005F70C0 /* EmptyLog.swift in Sources */ = {isa = PBXBuildFile; fileRef = 0C698C6B2A920037005F70C0 /* EmptyLog.swift */; };
		0C698C6E2A92004B005F70C0 /* DebugLog.swift in Sources */ = {isa = PBXBuildFile; fileRef = 0C698C6D2A92004B005F70C0 /* DebugLog.swift */; };
		0C698C712A9200FD005F70C0 /* AppColors.swift in Sources */ = {isa = PBXBuildFile; fileRef = 0C698C702A9200FD005F70C0 /* AppColors.swift */; };
		0C698C742A920256005F70C0 /* poppins_black.ttf in Resources */ = {isa = PBXBuildFile; fileRef = 0C698C732A920256005F70C0 /* poppins_black.ttf */; };
		0C698C762A920271005F70C0 /* poppins_bold.ttf in Resources */ = {isa = PBXBuildFile; fileRef = 0C698C752A920271005F70C0 /* poppins_bold.ttf */; };
		0C698C7E2A920284005F70C0 /* poppins_regular.ttf in Resources */ = {isa = PBXBuildFile; fileRef = 0C698C772A920284005F70C0 /* poppins_regular.ttf */; };
		0C698C7F2A920284005F70C0 /* poppins_extra_bold.ttf in Resources */ = {isa = PBXBuildFile; fileRef = 0C698C782A920284005F70C0 /* poppins_extra_bold.ttf */; };
		0C698C802A920284005F70C0 /* poppins_thin.ttf in Resources */ = {isa = PBXBuildFile; fileRef = 0C698C792A920284005F70C0 /* poppins_thin.ttf */; };
		0C698C812A920284005F70C0 /* poppins_semi_bold.ttf in Resources */ = {isa = PBXBuildFile; fileRef = 0C698C7A2A920284005F70C0 /* poppins_semi_bold.ttf */; };
		0C698C822A920284005F70C0 /* poppins_extra_light.ttf in Resources */ = {isa = PBXBuildFile; fileRef = 0C698C7B2A920284005F70C0 /* poppins_extra_light.ttf */; };
		0C698C832A920284005F70C0 /* poppins_light.ttf in Resources */ = {isa = PBXBuildFile; fileRef = 0C698C7C2A920284005F70C0 /* poppins_light.ttf */; };
		0C698C842A920284005F70C0 /* poppins_medium.ttf in Resources */ = {isa = PBXBuildFile; fileRef = 0C698C7D2A920284005F70C0 /* poppins_medium.ttf */; };
		0C698C862A92029E005F70C0 /* AppFonts.swift in Sources */ = {isa = PBXBuildFile; fileRef = 0C698C852A92029E005F70C0 /* AppFonts.swift */; };
		0C698C8A2A92031C005F70C0 /* HomeViewModel.swift in Sources */ = {isa = PBXBuildFile; fileRef = 0C698C892A92031C005F70C0 /* HomeViewModel.swift */; };
		0C698C8C2A92033C005F70C0 /* HomeScreen.swift in Sources */ = {isa = PBXBuildFile; fileRef = 0C698C8B2A92033C005F70C0 /* HomeScreen.swift */; };
		0CBE7EBD2A93B55A000A91A3 /* KMPNativeCoroutinesAsync in Frameworks */ = {isa = PBXBuildFile; productRef = 0CBE7EBC2A93B55A000A91A3 /* KMPNativeCoroutinesAsync */; };
		0CBE7EBF2A93B55A000A91A3 /* KMPNativeCoroutinesCombine in Frameworks */ = {isa = PBXBuildFile; productRef = 0CBE7EBE2A93B55A000A91A3 /* KMPNativeCoroutinesCombine */; };
		0CBE7EC12A93B55A000A91A3 /* KMPNativeCoroutinesCore in Frameworks */ = {isa = PBXBuildFile; productRef = 0CBE7EC02A93B55A000A91A3 /* KMPNativeCoroutinesCore */; };
		0CBE7EC32A93B55A000A91A3 /* KMPNativeCoroutinesRxSwift in Frameworks */ = {isa = PBXBuildFile; productRef = 0CBE7EC22A93B55A000A91A3 /* KMPNativeCoroutinesRxSwift */; };
		2152FB042600AC8F00CF470E /* iOSApp.swift in Sources */ = {isa = PBXBuildFile; fileRef = 2152FB032600AC8F00CF470E /* iOSApp.swift */; };
		7555FF83242A565900829871 /* ContentView.swift in Sources */ = {isa = PBXBuildFile; fileRef = 7555FF82242A565900829871 /* ContentView.swift */; };
		D4E533CE2A9316AE009AA67F /* AppDropdown.swift in Sources */ = {isa = PBXBuildFile; fileRef = D4E533CD2A9316AE009AA67F /* AppDropdown.swift */; };
		D4E533D22A9352D5009AA67F /* AppToggleButton.swift in Sources */ = {isa = PBXBuildFile; fileRef = D4E533D12A9352D5009AA67F /* AppToggleButton.swift */; };
		D4E533D42A9353C7009AA67F /* AppTextField.swift in Sources */ = {isa = PBXBuildFile; fileRef = D4E533D32A9353C7009AA67F /* AppTextField.swift */; };
		D8DDBA3A2BE648E300A7EEA3 /* NavBackgroundModifier.swift in Sources */ = {isa = PBXBuildFile; fileRef = D8DDBA392BE648E300A7EEA3 /* NavBackgroundModifier.swift */; };
		D8DDBA3C2BE6490E00A7EEA3 /* Notification+Extension.swift in Sources */ = {isa = PBXBuildFile; fileRef = D8DDBA3B2BE6490E00A7EEA3 /* Notification+Extension.swift */; };
		D8DDBA402BE6494600A7EEA3 /* DummyScreen.swift in Sources */ = {isa = PBXBuildFile; fileRef = D8DDBA3F2BE6494600A7EEA3 /* DummyScreen.swift */; };
		D8DDBA432BE6A28000A7EEA3 /* LanguageManager.swift in Sources */ = {isa = PBXBuildFile; fileRef = D8DDBA422BE6A28000A7EEA3 /* LanguageManager.swift */; };
		D8DDBA462BE6A2DF00A7EEA3 /* Localizable.xcstrings in Resources */ = {isa = PBXBuildFile; fileRef = D8DDBA452BE6A2DF00A7EEA3 /* Localizable.xcstrings */; };
		D8DDBA482BE6B20100A7EEA3 /* AppStrings.swift in Sources */ = {isa = PBXBuildFile; fileRef = D8DDBA472BE6B20100A7EEA3 /* AppStrings.swift */; };
/* End PBXBuildFile section */

/* Begin PBXCopyFilesBuildPhase section */
		7555FFB4242A642300829871 /* Embed Frameworks */ = {
			isa = PBXCopyFilesBuildPhase;
			buildActionMask = 2147483647;
			dstPath = "";
			dstSubfolderSpec = 10;
			files = (
			);
			name = "Embed Frameworks";
			runOnlyForDeploymentPostprocessing = 0;
		};
/* End PBXCopyFilesBuildPhase section */

/* Begin PBXFileReference section */
		058557BA273AAA24004C7B11 /* Assets.xcassets */ = {isa = PBXFileReference; lastKnownFileType = folder.assetcatalog; path = Assets.xcassets; sourceTree = "<group>"; };
		058557D8273AAEEB004C7B11 /* Preview Assets.xcassets */ = {isa = PBXFileReference; lastKnownFileType = folder.assetcatalog; path = "Preview Assets.xcassets"; sourceTree = "<group>"; };
		0C4A64712A93BFC80040F0B9 /* BottomNavigationView.swift */ = {isa = PBXFileReference; lastKnownFileType = sourcecode.swift; path = BottomNavigationView.swift; sourceTree = "<group>"; };
		0C4A64732A93C5A10040F0B9 /* TabRouter.swift */ = {isa = PBXFileReference; lastKnownFileType = sourcecode.swift; path = TabRouter.swift; sourceTree = "<group>"; };
		0C4A64762A93C88F0040F0B9 /* TabItem.swift */ = {isa = PBXFileReference; lastKnownFileType = sourcecode.swift; path = TabItem.swift; sourceTree = "<group>"; };
		0C698C552A91F87B005F70C0 /* DIContainer.swift */ = {isa = PBXFileReference; lastKnownFileType = sourcecode.swift; path = DIContainer.swift; sourceTree = "<group>"; };
		0C698C572A91F895005F70C0 /* DIContainerKey.swift */ = {isa = PBXFileReference; lastKnownFileType = sourcecode.swift; path = DIContainerKey.swift; sourceTree = "<group>"; };
		0C698C592A91F90C005F70C0 /* DIRegister.swift */ = {isa = PBXFileReference; lastKnownFileType = sourcecode.swift; path = DIRegister.swift; sourceTree = "<group>"; };
		0C698C5B2A91F934005F70C0 /* EnvironmentValues.swift */ = {isa = PBXFileReference; lastKnownFileType = sourcecode.swift; path = EnvironmentValues.swift; sourceTree = "<group>"; };
		0C698C5E2A91FF86005F70C0 /* RoutingView.swift */ = {isa = PBXFileReference; lastKnownFileType = sourcecode.swift; path = RoutingView.swift; sourceTree = "<group>"; };
		0C698C602A91FFA3005F70C0 /* AppRouter.swift */ = {isa = PBXFileReference; lastKnownFileType = sourcecode.swift; path = AppRouter.swift; sourceTree = "<group>"; };
		0C698C622A91FFC6005F70C0 /* Route.swift */ = {isa = PBXFileReference; lastKnownFileType = sourcecode.swift; path = Route.swift; sourceTree = "<group>"; };
		0C698C642A91FFDD005F70C0 /* NavigationControllerHost.swift */ = {isa = PBXFileReference; lastKnownFileType = sourcecode.swift; path = NavigationControllerHost.swift; sourceTree = "<group>"; };
		0C698C662A91FFF7005F70C0 /* NavTitleModifier.swift */ = {isa = PBXFileReference; lastKnownFileType = sourcecode.swift; path = NavTitleModifier.swift; sourceTree = "<group>"; };
		0C698C682A92000E005F70C0 /* EnvironmentValues+Router.swift */ = {isa = PBXFileReference; lastKnownFileType = sourcecode.swift; path = "EnvironmentValues+Router.swift"; sourceTree = "<group>"; };
		0C698C6B2A920037005F70C0 /* EmptyLog.swift */ = {isa = PBXFileReference; lastKnownFileType = sourcecode.swift; path = EmptyLog.swift; sourceTree = "<group>"; };
		0C698C6D2A92004B005F70C0 /* DebugLog.swift */ = {isa = PBXFileReference; lastKnownFileType = sourcecode.swift; path = DebugLog.swift; sourceTree = "<group>"; };
		0C698C702A9200FD005F70C0 /* AppColors.swift */ = {isa = PBXFileReference; lastKnownFileType = sourcecode.swift; path = AppColors.swift; sourceTree = "<group>"; };
		0C698C732A920256005F70C0 /* poppins_black.ttf */ = {isa = PBXFileReference; lastKnownFileType = file; path = poppins_black.ttf; sourceTree = "<group>"; };
		0C698C752A920271005F70C0 /* poppins_bold.ttf */ = {isa = PBXFileReference; lastKnownFileType = file; path = poppins_bold.ttf; sourceTree = "<group>"; };
		0C698C772A920284005F70C0 /* poppins_regular.ttf */ = {isa = PBXFileReference; lastKnownFileType = file; path = poppins_regular.ttf; sourceTree = "<group>"; };
		0C698C782A920284005F70C0 /* poppins_extra_bold.ttf */ = {isa = PBXFileReference; lastKnownFileType = file; path = poppins_extra_bold.ttf; sourceTree = "<group>"; };
		0C698C792A920284005F70C0 /* poppins_thin.ttf */ = {isa = PBXFileReference; lastKnownFileType = file; path = poppins_thin.ttf; sourceTree = "<group>"; };
		0C698C7A2A920284005F70C0 /* poppins_semi_bold.ttf */ = {isa = PBXFileReference; lastKnownFileType = file; path = poppins_semi_bold.ttf; sourceTree = "<group>"; };
		0C698C7B2A920284005F70C0 /* poppins_extra_light.ttf */ = {isa = PBXFileReference; lastKnownFileType = file; path = poppins_extra_light.ttf; sourceTree = "<group>"; };
		0C698C7C2A920284005F70C0 /* poppins_light.ttf */ = {isa = PBXFileReference; lastKnownFileType = file; path = poppins_light.ttf; sourceTree = "<group>"; };
		0C698C7D2A920284005F70C0 /* poppins_medium.ttf */ = {isa = PBXFileReference; lastKnownFileType = file; path = poppins_medium.ttf; sourceTree = "<group>"; };
		0C698C852A92029E005F70C0 /* AppFonts.swift */ = {isa = PBXFileReference; lastKnownFileType = sourcecode.swift; path = AppFonts.swift; sourceTree = "<group>"; };
		0C698C892A92031C005F70C0 /* HomeViewModel.swift */ = {isa = PBXFileReference; lastKnownFileType = sourcecode.swift; path = HomeViewModel.swift; sourceTree = "<group>"; };
		0C698C8B2A92033C005F70C0 /* HomeScreen.swift */ = {isa = PBXFileReference; lastKnownFileType = sourcecode.swift; path = HomeScreen.swift; sourceTree = "<group>"; };
		2152FB032600AC8F00CF470E /* iOSApp.swift */ = {isa = PBXFileReference; lastKnownFileType = sourcecode.swift; path = iOSApp.swift; sourceTree = "<group>"; };
		7555FF7B242A565900829871 /* iosApp.app */ = {isa = PBXFileReference; explicitFileType = wrapper.application; includeInIndex = 0; path = iosApp.app; sourceTree = BUILT_PRODUCTS_DIR; };
		7555FF82242A565900829871 /* ContentView.swift */ = {isa = PBXFileReference; lastKnownFileType = sourcecode.swift; path = ContentView.swift; sourceTree = "<group>"; };
		7555FF8C242A565B00829871 /* Info.plist */ = {isa = PBXFileReference; lastKnownFileType = text.plist.xml; path = Info.plist; sourceTree = "<group>"; };
		D4E533CD2A9316AE009AA67F /* AppDropdown.swift */ = {isa = PBXFileReference; lastKnownFileType = sourcecode.swift; path = AppDropdown.swift; sourceTree = "<group>"; };
		D4E533D12A9352D5009AA67F /* AppToggleButton.swift */ = {isa = PBXFileReference; lastKnownFileType = sourcecode.swift; path = AppToggleButton.swift; sourceTree = "<group>"; };
		D4E533D32A9353C7009AA67F /* AppTextField.swift */ = {isa = PBXFileReference; lastKnownFileType = sourcecode.swift; path = AppTextField.swift; sourceTree = "<group>"; };
		D8DDBA392BE648E300A7EEA3 /* NavBackgroundModifier.swift */ = {isa = PBXFileReference; lastKnownFileType = sourcecode.swift; path = NavBackgroundModifier.swift; sourceTree = "<group>"; };
		D8DDBA3B2BE6490E00A7EEA3 /* Notification+Extension.swift */ = {isa = PBXFileReference; lastKnownFileType = sourcecode.swift; path = "Notification+Extension.swift"; sourceTree = "<group>"; };
		D8DDBA3F2BE6494600A7EEA3 /* DummyScreen.swift */ = {isa = PBXFileReference; lastKnownFileType = sourcecode.swift; path = DummyScreen.swift; sourceTree = "<group>"; };
		D8DDBA422BE6A28000A7EEA3 /* LanguageManager.swift */ = {isa = PBXFileReference; lastKnownFileType = sourcecode.swift; path = LanguageManager.swift; sourceTree = "<group>"; };
		D8DDBA452BE6A2DF00A7EEA3 /* Localizable.xcstrings */ = {isa = PBXFileReference; lastKnownFileType = text.json.xcstrings; path = Localizable.xcstrings; sourceTree = "<group>"; };
		D8DDBA472BE6B20100A7EEA3 /* AppStrings.swift */ = {isa = PBXFileReference; lastKnownFileType = sourcecode.swift; path = AppStrings.swift; sourceTree = "<group>"; };
/* End PBXFileReference section */

/* Begin PBXFrameworksBuildPhase section */
		7555FF78242A565900829871 /* Frameworks */ = {
			isa = PBXFrameworksBuildPhase;
			buildActionMask = 2147483647;
			files = (
				0CBE7EBD2A93B55A000A91A3 /* KMPNativeCoroutinesAsync in Frameworks */,
				0CBE7EBF2A93B55A000A91A3 /* KMPNativeCoroutinesCombine in Frameworks */,
				0CBE7EC12A93B55A000A91A3 /* KMPNativeCoroutinesCore in Frameworks */,
				0CBE7EC32A93B55A000A91A3 /* KMPNativeCoroutinesRxSwift in Frameworks */,
			);
			runOnlyForDeploymentPostprocessing = 0;
		};
/* End PBXFrameworksBuildPhase section */

/* Begin PBXGroup section */
		058557D7273AAEEB004C7B11 /* Preview Content */ = {
			isa = PBXGroup;
			children = (
				058557D8273AAEEB004C7B11 /* Preview Assets.xcassets */,
			);
			path = "Preview Content";
			sourceTree = "<group>";
		};
		0C4A64752A93C87F0040F0B9 /* BottomNavigation */ = {
			isa = PBXGroup;
			children = (
				0C4A64712A93BFC80040F0B9 /* BottomNavigationView.swift */,
				0C4A64762A93C88F0040F0B9 /* TabItem.swift */,
			);
			path = BottomNavigation;
			sourceTree = "<group>";
		};
		0C698C542A91F867005F70C0 /* DI */ = {
			isa = PBXGroup;
			children = (
				0C698C552A91F87B005F70C0 /* DIContainer.swift */,
				0C698C572A91F895005F70C0 /* DIContainerKey.swift */,
				0C698C592A91F90C005F70C0 /* DIRegister.swift */,
				0C698C5B2A91F934005F70C0 /* EnvironmentValues.swift */,
			);
			path = DI;
			sourceTree = "<group>";
		};
		0C698C5D2A91FF76005F70C0 /* Router */ = {
			isa = PBXGroup;
			children = (
				0C698C5E2A91FF86005F70C0 /* RoutingView.swift */,
				0C698C602A91FFA3005F70C0 /* AppRouter.swift */,
				0C698C622A91FFC6005F70C0 /* Route.swift */,
				0C698C642A91FFDD005F70C0 /* NavigationControllerHost.swift */,
				0C698C662A91FFF7005F70C0 /* NavTitleModifier.swift */,
				0C698C682A92000E005F70C0 /* EnvironmentValues+Router.swift */,
				0C698C6B2A920037005F70C0 /* EmptyLog.swift */,
				0C698C6D2A92004B005F70C0 /* DebugLog.swift */,
				0C4A64732A93C5A10040F0B9 /* TabRouter.swift */,
				D8DDBA392BE648E300A7EEA3 /* NavBackgroundModifier.swift */,
			);
			path = Router;
			sourceTree = "<group>";
		};
		0C698C6F2A9200EE005F70C0 /* Util */ = {
			isa = PBXGroup;
			children = (
				0C698C722A9201FE005F70C0 /* Font */,
				0C698C702A9200FD005F70C0 /* AppColors.swift */,
				D8DDBA3B2BE6490E00A7EEA3 /* Notification+Extension.swift */,
			);
			path = Util;
			sourceTree = "<group>";
		};
		0C698C722A9201FE005F70C0 /* Font */ = {
			isa = PBXGroup;
			children = (
				0C698C782A920284005F70C0 /* poppins_extra_bold.ttf */,
				0C698C7B2A920284005F70C0 /* poppins_extra_light.ttf */,
				0C698C7C2A920284005F70C0 /* poppins_light.ttf */,
				0C698C7D2A920284005F70C0 /* poppins_medium.ttf */,
				0C698C772A920284005F70C0 /* poppins_regular.ttf */,
				0C698C7A2A920284005F70C0 /* poppins_semi_bold.ttf */,
				0C698C792A920284005F70C0 /* poppins_thin.ttf */,
				0C698C752A920271005F70C0 /* poppins_bold.ttf */,
				0C698C732A920256005F70C0 /* poppins_black.ttf */,
				0C698C852A92029E005F70C0 /* AppFonts.swift */,
			);
			path = Font;
			sourceTree = "<group>";
		};
		0C698C872A920305005F70C0 /* Features */ = {
			isa = PBXGroup;
			children = (
				D8DDBA3E2BE6493A00A7EEA3 /* Dummy */,
				0C698C882A92030D005F70C0 /* Home */,
			);
			path = Features;
			sourceTree = "<group>";
		};
		0C698C882A92030D005F70C0 /* Home */ = {
			isa = PBXGroup;
			children = (
				0C698C892A92031C005F70C0 /* HomeViewModel.swift */,
				0C698C8B2A92033C005F70C0 /* HomeScreen.swift */,
			);
			path = Home;
			sourceTree = "<group>";
		};
		7555FF72242A565900829871 = {
			isa = PBXGroup;
			children = (
				7555FF7D242A565900829871 /* iosApp */,
				7555FF7C242A565900829871 /* Products */,
				7555FFB0242A642200829871 /* Frameworks */,
			);
			sourceTree = "<group>";
		};
		7555FF7C242A565900829871 /* Products */ = {
			isa = PBXGroup;
			children = (
				7555FF7B242A565900829871 /* iosApp.app */,
			);
			name = Products;
			sourceTree = "<group>";
		};
		7555FF7D242A565900829871 /* iosApp */ = {
			isa = PBXGroup;
			children = (
				D8DDBA412BE6A27000A7EEA3 /* Localizations */,
				D4E533CC2A93169A009AA67F /* Widgets */,
				0C698C872A920305005F70C0 /* Features */,
				0C698C6F2A9200EE005F70C0 /* Util */,
				0C698C5D2A91FF76005F70C0 /* Router */,
				0C698C542A91F867005F70C0 /* DI */,
				058557BA273AAA24004C7B11 /* Assets.xcassets */,
				7555FF82242A565900829871 /* ContentView.swift */,
				7555FF8C242A565B00829871 /* Info.plist */,
				2152FB032600AC8F00CF470E /* iOSApp.swift */,
				058557D7273AAEEB004C7B11 /* Preview Content */,
			);
			path = iosApp;
			sourceTree = "<group>";
		};
		7555FFB0242A642200829871 /* Frameworks */ = {
			isa = PBXGroup;
			children = (
			);
			name = Frameworks;
			sourceTree = "<group>";
		};
		D4E533CC2A93169A009AA67F /* Widgets */ = {
			isa = PBXGroup;
			children = (
				0C4A64752A93C87F0040F0B9 /* BottomNavigation */,
				D4E533CD2A9316AE009AA67F /* AppDropdown.swift */,
				D4E533D12A9352D5009AA67F /* AppToggleButton.swift */,
				D4E533D32A9353C7009AA67F /* AppTextField.swift */,
			);
			path = Widgets;
			sourceTree = "<group>";
		};
		D8DDBA3E2BE6493A00A7EEA3 /* Dummy */ = {
			isa = PBXGroup;
			children = (
				D8DDBA3F2BE6494600A7EEA3 /* DummyScreen.swift */,
			);
			path = Dummy;
			sourceTree = "<group>";
		};
		D8DDBA412BE6A27000A7EEA3 /* Localizations */ = {
			isa = PBXGroup;
			children = (
				D8DDBA422BE6A28000A7EEA3 /* LanguageManager.swift */,
				D8DDBA452BE6A2DF00A7EEA3 /* Localizable.xcstrings */,
				D8DDBA472BE6B20100A7EEA3 /* AppStrings.swift */,
			);
			path = Localizations;
			sourceTree = "<group>";
		};
/* End PBXGroup section */

/* Begin PBXNativeTarget section */
		7555FF7A242A565900829871 /* iosApp */ = {
			isa = PBXNativeTarget;
			buildConfigurationList = 7555FFA5242A565B00829871 /* Build configuration list for PBXNativeTarget "iosApp" */;
			buildPhases = (
				7555FFB5242A651A00829871 /* ShellScript */,
				7555FF77242A565900829871 /* Sources */,
				7555FF78242A565900829871 /* Frameworks */,
				7555FF79242A565900829871 /* Resources */,
				7555FFB4242A642300829871 /* Embed Frameworks */,
			);
			buildRules = (
			);
			dependencies = (
			);
			name = iosApp;
			packageProductDependencies = (
				0CBE7EBC2A93B55A000A91A3 /* KMPNativeCoroutinesAsync */,
				0CBE7EBE2A93B55A000A91A3 /* KMPNativeCoroutinesCombine */,
				0CBE7EC02A93B55A000A91A3 /* KMPNativeCoroutinesCore */,
				0CBE7EC22A93B55A000A91A3 /* KMPNativeCoroutinesRxSwift */,
			);
			productName = iosApp;
			productReference = 7555FF7B242A565900829871 /* iosApp.app */;
			productType = "com.apple.product-type.application";
		};
/* End PBXNativeTarget section */

/* Begin PBXProject section */
		7555FF73242A565900829871 /* Project object */ = {
			isa = PBXProject;
			attributes = {
				LastSwiftUpdateCheck = 1130;
				LastUpgradeCheck = 1130;
				ORGANIZATIONNAME = orgName;
				TargetAttributes = {
					7555FF7A242A565900829871 = {
						CreatedOnToolsVersion = 11.3.1;
					};
				};
			};
			buildConfigurationList = 7555FF76242A565900829871 /* Build configuration list for PBXProject "iosApp" */;
			compatibilityVersion = "Xcode 9.3";
			developmentRegion = en;
			hasScannedForEncodings = 0;
			knownRegions = (
				en,
				Base,
				bn,
			);
			mainGroup = 7555FF72242A565900829871;
			packageReferences = (
				0CBE7EBB2A93B55A000A91A3 /* XCRemoteSwiftPackageReference "KMP-NativeCoroutines" */,
			);
			productRefGroup = 7555FF7C242A565900829871 /* Products */;
			projectDirPath = "";
			projectRoot = "";
			targets = (
				7555FF7A242A565900829871 /* iosApp */,
			);
		};
/* End PBXProject section */

/* Begin PBXResourcesBuildPhase section */
		7555FF79242A565900829871 /* Resources */ = {
			isa = PBXResourcesBuildPhase;
			buildActionMask = 2147483647;
			files = (
				0C698C842A920284005F70C0 /* poppins_medium.ttf in Resources */,
				0C698C7E2A920284005F70C0 /* poppins_regular.ttf in Resources */,
				D8DDBA462BE6A2DF00A7EEA3 /* Localizable.xcstrings in Resources */,
				0C698C742A920256005F70C0 /* poppins_black.ttf in Resources */,
				0C698C7F2A920284005F70C0 /* poppins_extra_bold.ttf in Resources */,
				0C698C762A920271005F70C0 /* poppins_bold.ttf in Resources */,
				0C698C822A920284005F70C0 /* poppins_extra_light.ttf in Resources */,
				0C698C802A920284005F70C0 /* poppins_thin.ttf in Resources */,
				058557D9273AAEEB004C7B11 /* Preview Assets.xcassets in Resources */,
				058557BB273AAA24004C7B11 /* Assets.xcassets in Resources */,
				0C698C812A920284005F70C0 /* poppins_semi_bold.ttf in Resources */,
				0C698C832A920284005F70C0 /* poppins_light.ttf in Resources */,
			);
			runOnlyForDeploymentPostprocessing = 0;
		};
/* End PBXResourcesBuildPhase section */

/* Begin PBXShellScriptBuildPhase section */
		7555FFB5242A651A00829871 /* ShellScript */ = {
			isa = PBXShellScriptBuildPhase;
			buildActionMask = 2147483647;
			files = (
			);
			inputFileListPaths = (
			);
			inputPaths = (
			);
			outputFileListPaths = (
			);
			outputPaths = (
			);
			runOnlyForDeploymentPostprocessing = 0;
			shellPath = /bin/sh;
			shellScript = "cd \"$SRCROOT/..\"\n./gradlew :shared:embedAndSignAppleFrameworkForXcode\n";
		};
/* End PBXShellScriptBuildPhase section */

/* Begin PBXSourcesBuildPhase section */
		7555FF77242A565900829871 /* Sources */ = {
			isa = PBXSourcesBuildPhase;
			buildActionMask = 2147483647;
			files = (
				0C698C8A2A92031C005F70C0 /* HomeViewModel.swift in Sources */,
				0C4A64722A93BFC80040F0B9 /* BottomNavigationView.swift in Sources */,
				0C4A64742A93C5A10040F0B9 /* TabRouter.swift in Sources */,
				0C4A64772A93C88F0040F0B9 /* TabItem.swift in Sources */,
				D8DDBA402BE6494600A7EEA3 /* DummyScreen.swift in Sources */,
				0C698C632A91FFC6005F70C0 /* Route.swift in Sources */,
				0C698C612A91FFA3005F70C0 /* AppRouter.swift in Sources */,
				D4E533D22A9352D5009AA67F /* AppToggleButton.swift in Sources */,
				0C698C6E2A92004B005F70C0 /* DebugLog.swift in Sources */,
				D8DDBA3A2BE648E300A7EEA3 /* NavBackgroundModifier.swift in Sources */,
				D8DDBA482BE6B20100A7EEA3 /* AppStrings.swift in Sources */,
				0C698C712A9200FD005F70C0 /* AppColors.swift in Sources */,
				0C698C862A92029E005F70C0 /* AppFonts.swift in Sources */,
				0C698C582A91F895005F70C0 /* DIContainerKey.swift in Sources */,
				0C698C5F2A91FF86005F70C0 /* RoutingView.swift in Sources */,
				D4E533CE2A9316AE009AA67F /* AppDropdown.swift in Sources */,
				D8DDBA432BE6A28000A7EEA3 /* LanguageManager.swift in Sources */,
				0C698C5C2A91F934005F70C0 /* EnvironmentValues.swift in Sources */,
				D4E533D42A9353C7009AA67F /* AppTextField.swift in Sources */,
				2152FB042600AC8F00CF470E /* iOSApp.swift in Sources */,
				0C698C672A91FFF7005F70C0 /* NavTitleModifier.swift in Sources */,
				0C698C562A91F87B005F70C0 /* DIContainer.swift in Sources */,
				0C698C5A2A91F90C005F70C0 /* DIRegister.swift in Sources */,
				7555FF83242A565900829871 /* ContentView.swift in Sources */,
				0C698C8C2A92033C005F70C0 /* HomeScreen.swift in Sources */,
				D8DDBA3C2BE6490E00A7EEA3 /* Notification+Extension.swift in Sources */,
				0C698C692A92000E005F70C0 /* EnvironmentValues+Router.swift in Sources */,
				0C698C652A91FFDD005F70C0 /* NavigationControllerHost.swift in Sources */,
				0C698C6C2A920037005F70C0 /* EmptyLog.swift in Sources */,
			);
			runOnlyForDeploymentPostprocessing = 0;
		};
/* End PBXSourcesBuildPhase section */

/* Begin XCBuildConfiguration section */
		7555FFA3242A565B00829871 /* Debug */ = {
			isa = XCBuildConfiguration;
			buildSettings = {
				ALWAYS_SEARCH_USER_PATHS = NO;
				CLANG_ANALYZER_NONNULL = YES;
				CLANG_ANALYZER_NUMBER_OBJECT_CONVERSION = YES_AGGRESSIVE;
				CLANG_CXX_LANGUAGE_STANDARD = "gnu++14";
				CLANG_CXX_LIBRARY = "libc++";
				CLANG_ENABLE_MODULES = YES;
				CLANG_ENABLE_OBJC_ARC = YES;
				CLANG_ENABLE_OBJC_WEAK = YES;
				CLANG_WARN_BLOCK_CAPTURE_AUTORELEASING = YES;
				CLANG_WARN_BOOL_CONVERSION = YES;
				CLANG_WARN_COMMA = YES;
				CLANG_WARN_CONSTANT_CONVERSION = YES;
				CLANG_WARN_DEPRECATED_OBJC_IMPLEMENTATIONS = YES;
				CLANG_WARN_DIRECT_OBJC_ISA_USAGE = YES_ERROR;
				CLANG_WARN_DOCUMENTATION_COMMENTS = YES;
				CLANG_WARN_EMPTY_BODY = YES;
				CLANG_WARN_ENUM_CONVERSION = YES;
				CLANG_WARN_INFINITE_RECURSION = YES;
				CLANG_WARN_INT_CONVERSION = YES;
				CLANG_WARN_NON_LITERAL_NULL_CONVERSION = YES;
				CLANG_WARN_OBJC_IMPLICIT_RETAIN_SELF = YES;
				CLANG_WARN_OBJC_LITERAL_CONVERSION = YES;
				CLANG_WARN_OBJC_ROOT_CLASS = YES_ERROR;
				CLANG_WARN_QUOTED_INCLUDE_IN_FRAMEWORK_HEADER = YES;
				CLANG_WARN_RANGE_LOOP_ANALYSIS = YES;
				CLANG_WARN_STRICT_PROTOTYPES = YES;
				CLANG_WARN_SUSPICIOUS_MOVE = YES;
				CLANG_WARN_UNGUARDED_AVAILABILITY = YES_AGGRESSIVE;
				CLANG_WARN_UNREACHABLE_CODE = YES;
				CLANG_WARN__DUPLICATE_METHOD_MATCH = YES;
				COPY_PHASE_STRIP = NO;
				DEBUG_INFORMATION_FORMAT = "dwarf-with-dsym";
				ENABLE_STRICT_OBJC_MSGSEND = YES;
				ENABLE_TESTABILITY = YES;
				GCC_C_LANGUAGE_STANDARD = gnu11;
				GCC_DYNAMIC_NO_PIC = NO;
				GCC_NO_COMMON_BLOCKS = YES;
				GCC_OPTIMIZATION_LEVEL = 0;
				GCC_PREPROCESSOR_DEFINITIONS = (
					"DEBUG=1",
					"$(inherited)",
				);
				GCC_WARN_64_TO_32_BIT_CONVERSION = YES;
				GCC_WARN_ABOUT_RETURN_TYPE = YES_ERROR;
				GCC_WARN_UNDECLARED_SELECTOR = YES;
				GCC_WARN_UNINITIALIZED_AUTOS = YES_AGGRESSIVE;
				GCC_WARN_UNUSED_FUNCTION = YES;
				GCC_WARN_UNUSED_VARIABLE = YES;
				IPHONEOS_DEPLOYMENT_TARGET = 14.1;
				MTL_ENABLE_DEBUG_INFO = INCLUDE_SOURCE;
				MTL_FAST_MATH = YES;
				ONLY_ACTIVE_ARCH = YES;
				SDKROOT = iphoneos;
				SWIFT_ACTIVE_COMPILATION_CONDITIONS = DEBUG;
				SWIFT_OPTIMIZATION_LEVEL = "-Onone";
			};
			name = Debug;
		};
		7555FFA4242A565B00829871 /* Release */ = {
			isa = XCBuildConfiguration;
			buildSettings = {
				ALWAYS_SEARCH_USER_PATHS = NO;
				CLANG_ANALYZER_NONNULL = YES;
				CLANG_ANALYZER_NUMBER_OBJECT_CONVERSION = YES_AGGRESSIVE;
				CLANG_CXX_LANGUAGE_STANDARD = "gnu++14";
				CLANG_CXX_LIBRARY = "libc++";
				CLANG_ENABLE_MODULES = YES;
				CLANG_ENABLE_OBJC_ARC = YES;
				CLANG_ENABLE_OBJC_WEAK = YES;
				CLANG_WARN_BLOCK_CAPTURE_AUTORELEASING = YES;
				CLANG_WARN_BOOL_CONVERSION = YES;
				CLANG_WARN_COMMA = YES;
				CLANG_WARN_CONSTANT_CONVERSION = YES;
				CLANG_WARN_DEPRECATED_OBJC_IMPLEMENTATIONS = YES;
				CLANG_WARN_DIRECT_OBJC_ISA_USAGE = YES_ERROR;
				CLANG_WARN_DOCUMENTATION_COMMENTS = YES;
				CLANG_WARN_EMPTY_BODY = YES;
				CLANG_WARN_ENUM_CONVERSION = YES;
				CLANG_WARN_INFINITE_RECURSION = YES;
				CLANG_WARN_INT_CONVERSION = YES;
				CLANG_WARN_NON_LITERAL_NULL_CONVERSION = YES;
				CLANG_WARN_OBJC_IMPLICIT_RETAIN_SELF = YES;
				CLANG_WARN_OBJC_LITERAL_CONVERSION = YES;
				CLANG_WARN_OBJC_ROOT_CLASS = YES_ERROR;
				CLANG_WARN_QUOTED_INCLUDE_IN_FRAMEWORK_HEADER = YES;
				CLANG_WARN_RANGE_LOOP_ANALYSIS = YES;
				CLANG_WARN_STRICT_PROTOTYPES = YES;
				CLANG_WARN_SUSPICIOUS_MOVE = YES;
				CLANG_WARN_UNGUARDED_AVAILABILITY = YES_AGGRESSIVE;
				CLANG_WARN_UNREACHABLE_CODE = YES;
				CLANG_WARN__DUPLICATE_METHOD_MATCH = YES;
				COPY_PHASE_STRIP = NO;
				DEBUG_INFORMATION_FORMAT = "dwarf-with-dsym";
				ENABLE_NS_ASSERTIONS = NO;
				ENABLE_STRICT_OBJC_MSGSEND = YES;
				GCC_C_LANGUAGE_STANDARD = gnu11;
				GCC_NO_COMMON_BLOCKS = YES;
				GCC_WARN_64_TO_32_BIT_CONVERSION = YES;
				GCC_WARN_ABOUT_RETURN_TYPE = YES_ERROR;
				GCC_WARN_UNDECLARED_SELECTOR = YES;
				GCC_WARN_UNINITIALIZED_AUTOS = YES_AGGRESSIVE;
				GCC_WARN_UNUSED_FUNCTION = YES;
				GCC_WARN_UNUSED_VARIABLE = YES;
				IPHONEOS_DEPLOYMENT_TARGET = 14.1;
				MTL_ENABLE_DEBUG_INFO = NO;
				MTL_FAST_MATH = YES;
				SDKROOT = iphoneos;
				SWIFT_COMPILATION_MODE = wholemodule;
				SWIFT_OPTIMIZATION_LEVEL = "-O";
				VALIDATE_PRODUCT = YES;
			};
			name = Release;
		};
		7555FFA6242A565B00829871 /* Debug */ = {
			isa = XCBuildConfiguration;
			buildSettings = {
				ASSETCATALOG_COMPILER_APPICON_NAME = AppIcon;
				CODE_SIGN_STYLE = Automatic;
				DEVELOPMENT_ASSET_PATHS = "\"iosApp/Preview Content\"";
				DEVELOPMENT_TEAM = 24NM8YM68J;
				ENABLE_PREVIEWS = YES;
				FRAMEWORK_SEARCH_PATHS = (
					"$(inherited)",
					"$(SRCROOT)/../shared/build/xcode-frameworks/$(CONFIGURATION)/$(SDK_NAME)",
				);
				INFOPLIST_FILE = iosApp/Info.plist;
				LD_RUNPATH_SEARCH_PATHS = (
					"$(inherited)",
					"@executable_path/Frameworks",
				);
				OTHER_LDFLAGS = (
					"$(inherited)",
					"-framework",
					shared,
				);
				PRODUCT_BUNDLE_IDENTIFIER = com.shafayat.helloworldkm;
				PRODUCT_NAME = "$(TARGET_NAME)";
				SWIFT_VERSION = 5.0;
				TARGETED_DEVICE_FAMILY = "1,2";
			};
			name = Debug;
		};
		7555FFA7242A565B00829871 /* Release */ = {
			isa = XCBuildConfiguration;
			buildSettings = {
				ASSETCATALOG_COMPILER_APPICON_NAME = AppIcon;
				CODE_SIGN_STYLE = Automatic;
				DEVELOPMENT_ASSET_PATHS = "\"iosApp/Preview Content\"";
				DEVELOPMENT_TEAM = 24NM8YM68J;
				ENABLE_PREVIEWS = YES;
				FRAMEWORK_SEARCH_PATHS = (
					"$(inherited)",
					"$(SRCROOT)/../shared/build/xcode-frameworks/$(CONFIGURATION)/$(SDK_NAME)",
				);
				INFOPLIST_FILE = iosApp/Info.plist;
				LD_RUNPATH_SEARCH_PATHS = (
					"$(inherited)",
					"@executable_path/Frameworks",
				);
				OTHER_LDFLAGS = (
					"$(inherited)",
					"-framework",
					shared,
				);
				PRODUCT_BUNDLE_IDENTIFIER = com.shafayat.helloworldkm;
				PRODUCT_NAME = "$(TARGET_NAME)";
				SWIFT_VERSION = 5.0;
				TARGETED_DEVICE_FAMILY = "1,2";
			};
			name = Release;
		};
/* End XCBuildConfiguration section */

/* Begin XCConfigurationList section */
		7555FF76242A565900829871 /* Build configuration list for PBXProject "iosApp" */ = {
			isa = XCConfigurationList;
			buildConfigurations = (
				7555FFA3242A565B00829871 /* Debug */,
				7555FFA4242A565B00829871 /* Release */,
			);
			defaultConfigurationIsVisible = 0;
			defaultConfigurationName = Release;
		};
		7555FFA5242A565B00829871 /* Build configuration list for PBXNativeTarget "iosApp" */ = {
			isa = XCConfigurationList;
			buildConfigurations = (
				7555FFA6242A565B00829871 /* Debug */,
				7555FFA7242A565B00829871 /* Release */,
			);
			defaultConfigurationIsVisible = 0;
			defaultConfigurationName = Release;
		};
/* End XCConfigurationList section */

/* Begin XCRemoteSwiftPackageReference section */
		0CBE7EBB2A93B55A000A91A3 /* XCRemoteSwiftPackageReference "KMP-NativeCoroutines" */ = {
			isa = XCRemoteSwiftPackageReference;
			repositoryURL = "https://github.com/rickclephas/KMP-NativeCoroutines.git";
			requirement = {
				kind = exactVersion;
				version = "1.0.0-ALPHA-17";
			};
		};
/* End XCRemoteSwiftPackageReference section */

/* Begin XCSwiftPackageProductDependency section */
		0CBE7EBC2A93B55A000A91A3 /* KMPNativeCoroutinesAsync */ = {
			isa = XCSwiftPackageProductDependency;
			package = 0CBE7EBB2A93B55A000A91A3 /* XCRemoteSwiftPackageReference "KMP-NativeCoroutines" */;
			productName = KMPNativeCoroutinesAsync;
		};
		0CBE7EBE2A93B55A000A91A3 /* KMPNativeCoroutinesCombine */ = {
			isa = XCSwiftPackageProductDependency;
			package = 0CBE7EBB2A93B55A000A91A3 /* XCRemoteSwiftPackageReference "KMP-NativeCoroutines" */;
			productName = KMPNativeCoroutinesCombine;
		};
		0CBE7EC02A93B55A000A91A3 /* KMPNativeCoroutinesCore */ = {
			isa = XCSwiftPackageProductDependency;
			package = 0CBE7EBB2A93B55A000A91A3 /* XCRemoteSwiftPackageReference "KMP-NativeCoroutines" */;
			productName = KMPNativeCoroutinesCore;
		};
		0CBE7EC22A93B55A000A91A3 /* KMPNativeCoroutinesRxSwift */ = {
			isa = XCSwiftPackageProductDependency;
			package = 0CBE7EBB2A93B55A000A91A3 /* XCRemoteSwiftPackageReference "KMP-NativeCoroutines" */;
			productName = KMPNativeCoroutinesRxSwift;
		};
/* End XCSwiftPackageProductDependency section */
	};
	rootObject = 7555FF73242A565900829871 /* Project object */;
}
